
Microsoft Visual Studio Solution File, Format Version 12.00
# Visual Studio Version 17
VisualStudioVersion = 17.8.34330.188
MinimumVisualStudioVersion = 10.0.40219.1
Project("{9A19103F-16F7-4668-BE54-9A1E7A4F7556}") = "CEmission.Api", "CEmission.Api.csproj", "{86AA4CE7-CBB1-4C74-8D00-D86D69E51AD6}"
EndProject
Project("{9A19103F-16F7-4668-BE54-9A1E7A4F7556}") = "CEmission.Domain", "..\CEmission.Domain\CEmission.Domain.csproj", "{EC81D9C1-DA8E-43BC-AD78-096FC7A86B48}"
EndProject
Project("{9A19103F-16F7-4668-BE54-9A1E7A4F7556}") = "CEmission.Domain.Shared", "..\CEmission.Domain.Shared\CEmission.Domain.Shared.csproj", "{496F32B5-69AB-4906-8F23-F612B7767731}"
EndProject
Project("{9A19103F-16F7-4668-BE54-9A1E7A4F7556}") = "CEmission.Application", "..\CEmission.Application\CEmission.Application.csproj", "{2256E9F1-D182-44DE-A329-B95E2C2325C4}"
EndProject
Project("{9A19103F-16F7-4668-BE54-9A1E7A4F7556}") = "CEmission.Application.Contracts", "..\CEmission.Application.Contracs\CEmission.Application.Contracts.csproj", "{D657BB84-D96B-4997-B917-2B3E443C5E64}"
EndProject
Project("{9A19103F-16F7-4668-BE54-9A1E7A4F7556}") = "CEmission.EntityFramework", "..\CEmission.EntityFramework\CEmission.EntityFramework.csproj", "{EDA16EB8-09C6-49B0-8251-04A1581CFFD0}"
EndProject
Project("{9A19103F-16F7-4668-BE54-9A1E7A4F7556}") = "CEmission.DbMigrator", "..\CEmission.DbMigrator\CEmission.DbMigrator.csproj", "{DC487EBD-5049-43C0-9561-6B6C057E3712}"
EndProject
Global
	GlobalSection(SolutionConfigurationPlatforms) = preSolution
		Debug|Any CPU = Debug|Any CPU
		Release|Any CPU = Release|Any CPU
	EndGlobalSection
	GlobalSection(ProjectConfigurationPlatforms) = postSolution
		{86AA4CE7-CBB1-4C74-8D00-D86D69E51AD6}.Debug|Any CPU.ActiveCfg = Debug|Any CPU
		{86AA4CE7-CBB1-4C74-8D00-D86D69E51AD6}.Debug|Any CPU.Build.0 = Debug|Any CPU
		{86AA4CE7-CBB1-4C74-8D00-D86D69E51AD6}.Release|Any CPU.ActiveCfg = Release|Any CPU
		{86AA4CE7-CBB1-4C74-8D00-D86D69E51AD6}.Release|Any CPU.Build.0 = Release|Any CPU
		{EC81D9C1-DA8E-43BC-AD78-096FC7A86B48}.Debug|Any CPU.ActiveCfg = Debug|Any CPU
		{EC81D9C1-DA8E-43BC-AD78-096FC7A86B48}.Debug|Any CPU.Build.0 = Debug|Any CPU
		{EC81D9C1-DA8E-43BC-AD78-096FC7A86B48}.Release|Any CPU.ActiveCfg = Release|Any CPU
		{EC81D9C1-DA8E-43BC-AD78-096FC7A86B48}.Release|Any CPU.Build.0 = Release|Any CPU
		{496F32B5-69AB-4906-8F23-F612B7767731}.Debug|Any CPU.ActiveCfg = Debug|Any CPU
		{496F32B5-69AB-4906-8F23-F612B7767731}.Debug|Any CPU.Build.0 = Debug|Any CPU
		{496F32B5-69AB-4906-8F23-F612B7767731}.Release|Any CPU.ActiveCfg = Release|Any CPU
		{496F32B5-69AB-4906-8F23-F612B7767731}.Release|Any CPU.Build.0 = Release|Any CPU
		{2256E9F1-D182-44DE-A329-B95E2C2325C4}.Debug|Any CPU.ActiveCfg = Debug|Any CPU
		{2256E9F1-D182-44DE-A329-B95E2C2325C4}.Debug|Any CPU.Build.0 = Debug|Any CPU
		{2256E9F1-D182-44DE-A329-B95E2C2325C4}.Release|Any CPU.ActiveCfg = Release|Any CPU
		{2256E9F1-D182-44DE-A329-B95E2C2325C4}.Release|Any CPU.Build.0 = Release|Any CPU
		{D657BB84-D96B-4997-B917-2B3E443C5E64}.Debug|Any CPU.ActiveCfg = Debug|Any CPU
		{D657BB84-D96B-4997-B917-2B3E443C5E64}.Debug|Any CPU.Build.0 = Debug|Any CPU
		{D657BB84-D96B-4997-B917-2B3E443C5E64}.Release|Any CPU.ActiveCfg = Release|Any CPU
		{D657BB84-D96B-4997-B917-2B3E443C5E64}.Release|Any CPU.Build.0 = Release|Any CPU
		{EDA16EB8-09C6-49B0-8251-04A1581CFFD0}.Debug|Any CPU.ActiveCfg = Debug|Any CPU
		{EDA16EB8-09C6-49B0-8251-04A1581CFFD0}.Debug|Any CPU.Build.0 = Debug|Any CPU
		{EDA16EB8-09C6-49B0-8251-04A1581CFFD0}.Release|Any CPU.ActiveCfg = Release|Any CPU
		{EDA16EB8-09C6-49B0-8251-04A1581CFFD0}.Release|Any CPU.Build.0 = Release|Any CPU
		{DC487EBD-5049-43C0-9561-6B6C057E3712}.Debug|Any CPU.ActiveCfg = Debug|Any CPU
		{DC487EBD-5049-43C0-9561-6B6C057E3712}.Debug|Any CPU.Build.0 = Debug|Any CPU
		{DC487EBD-5049-43C0-9561-6B6C057E3712}.Release|Any CPU.ActiveCfg = Release|Any CPU
		{DC487EBD-5049-43C0-9561-6B6C057E3712}.Release|Any CPU.Build.0 = Release|Any CPU
	EndGlobalSection
	GlobalSection(SolutionProperties) = preSolution
		HideSolutionNode = FALSE
	EndGlobalSection
	GlobalSection(ExtensibilityGlobals) = postSolution
		SolutionGuid = {FD71C351-AC24-4CA4-A9F8-B433221A916E}
	EndGlobalSection
EndGlobal
